// !$*UTF8*$!
{
	archiveVersion = 1;
	classes = {
	};
	objectVersion = 46;
	objects = {

/* Begin PBXBuildFile section */
		101416F216C1B34A006CC6F0 /* SIProductDescriptionCell.m in Sources */ = {isa = PBXBuildFile; fileRef = 101416F116C1B34A006CC6F0 /* SIProductDescriptionCell.m */; };
		10273A2E16BA9493008E42CA /* UIKit.framework in Frameworks */ = {isa = PBXBuildFile; fileRef = 10273A2D16BA9492008E42CA /* UIKit.framework */; };
		10273A3016BA9493008E42CA /* Foundation.framework in Frameworks */ = {isa = PBXBuildFile; fileRef = 10273A2F16BA9493008E42CA /* Foundation.framework */; };
		10273A3216BA9493008E42CA /* CoreGraphics.framework in Frameworks */ = {isa = PBXBuildFile; fileRef = 10273A3116BA9493008E42CA /* CoreGraphics.framework */; };
		10273A3816BA9493008E42CA /* InfoPlist.strings in Resources */ = {isa = PBXBuildFile; fileRef = 10273A3616BA9493008E42CA /* InfoPlist.strings */; };
		10273A3A16BA9493008E42CA /* main.m in Sources */ = {isa = PBXBuildFile; fileRef = 10273A3916BA9493008E42CA /* main.m */; };
		10273A4016BA9493008E42CA /* Default.png in Resources */ = {isa = PBXBuildFile; fileRef = 10273A3F16BA9493008E42CA /* Default.png */; };
		10273A4216BA9493008E42CA /* Default@2x.png in Resources */ = {isa = PBXBuildFile; fileRef = 10273A4116BA9493008E42CA /* Default@2x.png */; };
		10273A4416BA9493008E42CA /* Default-568h@2x.png in Resources */ = {isa = PBXBuildFile; fileRef = 10273A4316BA9493008E42CA /* Default-568h@2x.png */; };
		10273A4716BA9493008E42CA /* MainStoryboard_iPhone.storyboard in Resources */ = {isa = PBXBuildFile; fileRef = 10273A4516BA9493008E42CA /* MainStoryboard_iPhone.storyboard */; };
		10273A4A16BA9493008E42CA /* MainStoryboard_iPad.storyboard in Resources */ = {isa = PBXBuildFile; fileRef = 10273A4816BA9493008E42CA /* MainStoryboard_iPad.storyboard */; };
		10273A5516BA9494008E42CA /* SenTestingKit.framework in Frameworks */ = {isa = PBXBuildFile; fileRef = 10273A5416BA9494008E42CA /* SenTestingKit.framework */; };
		10273A5616BA9494008E42CA /* UIKit.framework in Frameworks */ = {isa = PBXBuildFile; fileRef = 10273A2D16BA9492008E42CA /* UIKit.framework */; };
		10273A5716BA9494008E42CA /* Foundation.framework in Frameworks */ = {isa = PBXBuildFile; fileRef = 10273A2F16BA9493008E42CA /* Foundation.framework */; };
		10273A5F16BA9494008E42CA /* InfoPlist.strings in Resources */ = {isa = PBXBuildFile; fileRef = 10273A5D16BA9494008E42CA /* InfoPlist.strings */; };
		10273A6216BA9494008E42CA /* RestTestAppTests.m in Sources */ = {isa = PBXBuildFile; fileRef = 10273A6116BA9494008E42CA /* RestTestAppTests.m */; };
		1063EE5E16E9242900FCF43E /* SIOrder.m in Sources */ = {isa = PBXBuildFile; fileRef = 1063EE5D16E9242900FCF43E /* SIOrder.m */; };
		1068514416BB073600505F04 /* SIAccountCreationViewController.m in Sources */ = {isa = PBXBuildFile; fileRef = 1068514316BB073600505F04 /* SIAccountCreationViewController.m */; };
		1068514916BB085100505F04 /* SICreditCardViewController.m in Sources */ = {isa = PBXBuildFile; fileRef = 1068514816BB085100505F04 /* SICreditCardViewController.m */; };
		1068514C16BB08BC00505F04 /* SIHomeViewController.m in Sources */ = {isa = PBXBuildFile; fileRef = 1068514B16BB08BC00505F04 /* SIHomeViewController.m */; };
		1068514F16BB092200505F04 /* SICategorySelectionViewController.m in Sources */ = {isa = PBXBuildFile; fileRef = 1068514E16BB092200505F04 /* SICategorySelectionViewController.m */; };
		1068515516BB099F00505F04 /* SIProductDescriptionViewController.m in Sources */ = {isa = PBXBuildFile; fileRef = 1068515416BB099F00505F04 /* SIProductDescriptionViewController.m */; };
		1068515816BB09B400505F04 /* SIProductListingViewController.m in Sources */ = {isa = PBXBuildFile; fileRef = 1068515716BB09B400505F04 /* SIProductListingViewController.m */; };
		1068515D16BB0A8400505F04 /* SIShoppingCartViewController.m in Sources */ = {isa = PBXBuildFile; fileRef = 1068515C16BB0A8400505F04 /* SIShoppingCartViewController.m */; };
		1068516016BB0B5000505F04 /* SILocationMapViewController.m in Sources */ = {isa = PBXBuildFile; fileRef = 1068515F16BB0B5000505F04 /* SILocationMapViewController.m */; };
		106B9EBB16BD5F8C001B121B /* MapKit.framework in Frameworks */ = {isa = PBXBuildFile; fileRef = 106B9EBA16BD5F8C001B121B /* MapKit.framework */; };
		106B9EBF16BD61B9001B121B /* SICategoryCell.m in Sources */ = {isa = PBXBuildFile; fileRef = 106B9EBE16BD61B9001B121B /* SICategoryCell.m */; };
		106B9ECE16BD8685001B121B /* add-small.png in Resources */ = {isa = PBXBuildFile; fileRef = 106B9ECC16BD8685001B121B /* add-small.png */; };
		106B9ECF16BD8685001B121B /* remove-small.png in Resources */ = {isa = PBXBuildFile; fileRef = 106B9ECD16BD8685001B121B /* remove-small.png */; };
		107ADC6E16E40FA1009A30ED /* SICategoryCell.xib in Resources */ = {isa = PBXBuildFile; fileRef = 107ADC6D16E40FA1009A30ED /* SICategoryCell.xib */; };
		10806BCF16E38E4D00750558 /* SIProduct.m in Sources */ = {isa = PBXBuildFile; fileRef = 10806BCE16E38E4D00750558 /* SIProduct.m */; };
		10806BD816E38E4D00750558 /* SICategory.m in Sources */ = {isa = PBXBuildFile; fileRef = 10806BD716E38E4D00750558 /* SICategory.m */; };
		10806BE116E39C0900750558 /* SIShop.m in Sources */ = {isa = PBXBuildFile; fileRef = 10806BE016E39C0800750558 /* SIShop.m */; };
		10806BE516E3B5FC00750558 /* SIShopAnnotation.m in Sources */ = {isa = PBXBuildFile; fileRef = 10806BE416E3B5FC00750558 /* SIShopAnnotation.m */; };
		10806BE716E3BC3400750558 /* CoreLocation.framework in Frameworks */ = {isa = PBXBuildFile; fileRef = 10806BE616E3BC3400750558 /* CoreLocation.framework */; };
		109D511A16EB8A32000CFC4F /* SIProductCartCell.m in Sources */ = {isa = PBXBuildFile; fileRef = 109D511916EB8A32000CFC4F /* SIProductCartCell.m */; };
		109D511D16EC046E000CFC4F /* SIThemeManager.m in Sources */ = {isa = PBXBuildFile; fileRef = 109D511C16EC046E000CFC4F /* SIThemeManager.m */; };
		10A6520817037A1C003F33B5 /* libz.1.2.5.dylib in Frameworks */ = {isa = PBXBuildFile; fileRef = 10A6520717037A1C003F33B5 /* libz.1.2.5.dylib */; };
		10B9535E16BC176C007A23D2 /* SIHTTPClient.m in Sources */ = {isa = PBXBuildFile; fileRef = 10B9535D16BC176C007A23D2 /* SIHTTPClient.m */; };
		10B9536516BC275A007A23D2 /* SIModel1.xcdatamodeld in Sources */ = {isa = PBXBuildFile; fileRef = 10B9536316BC275A007A23D2 /* SIModel1.xcdatamodeld */; };
		10B9536B16BC2BEA007A23D2 /* SIDataManager.m in Sources */ = {isa = PBXBuildFile; fileRef = 10B9536A16BC2BEA007A23D2 /* SIDataManager.m */; };
		10D3593216FF49C300FA0E52 /* libPayPalMPL.a in Frameworks */ = {isa = PBXBuildFile; fileRef = 10D3592716FF49C300FA0E52 /* libPayPalMPL.a */; };
		10D4C3DF16F13B460099BD7F /* NSString+MD5Addition.m in Sources */ = {isa = PBXBuildFile; fileRef = 10D4C3DB16F13B460099BD7F /* NSString+MD5Addition.m */; settings = {COMPILER_FLAGS = "-fno-objc-arc"; }; };
		10D4C3E016F13B460099BD7F /* UIDevice+IdentifierAddition.m in Sources */ = {isa = PBXBuildFile; fileRef = 10D4C3DE16F13B460099BD7F /* UIDevice+IdentifierAddition.m */; };
		10E19C7116F26A1000121655 /* SIUser.m in Sources */ = {isa = PBXBuildFile; fileRef = 10E19C7016F26A1000121655 /* SIUser.m */; };
		10E36E7C16DACDED0075FA48 /* SIDatabaseTestViewController.m in Sources */ = {isa = PBXBuildFile; fileRef = 10E36E7B16DACDED0075FA48 /* SIDatabaseTestViewController.m */; };
		10EC5F3716F4F7B400602B79 /* SIRootViewController.m in Sources */ = {isa = PBXBuildFile; fileRef = 10EC5F3616F4F7B400602B79 /* SIRootViewController.m */; };
		10EC5F3A16F504AF00602B79 /* SINoAnimationPushSegue.m in Sources */ = {isa = PBXBuildFile; fileRef = 10EC5F3916F504AF00602B79 /* SINoAnimationPushSegue.m */; };
		10EC5F4316F53ADA00602B79 /* libxml2.2.dylib in Frameworks */ = {isa = PBXBuildFile; fileRef = 10EC5F4216F53ADA00602B79 /* libxml2.2.dylib */; };
		10EC5F4516F53AE700602B79 /* MessageUI.framework in Frameworks */ = {isa = PBXBuildFile; fileRef = 10EC5F4416F53AE700602B79 /* MessageUI.framework */; };
		10F1496216BA9EFF00309C93 /* SIEntryViewController.m in Sources */ = {isa = PBXBuildFile; fileRef = 10F1495F16BA9EFF00309C93 /* SIEntryViewController.m */; };
		10F1496316BA9EFF00309C93 /* SIAppDelegate.m in Sources */ = {isa = PBXBuildFile; fileRef = 10F1496116BA9EFF00309C93 /* SIAppDelegate.m */; };
		10F1497516BAD50900309C93 /* AudioToolbox.framework in Frameworks */ = {isa = PBXBuildFile; fileRef = 10F1496D16BAD50900309C93 /* AudioToolbox.framework */; };
		10F1497616BAD50900309C93 /* AVFoundation.framework in Frameworks */ = {isa = PBXBuildFile; fileRef = 10F1496E16BAD50900309C93 /* AVFoundation.framework */; };
		10F1497716BAD50900309C93 /* CoreMedia.framework in Frameworks */ = {isa = PBXBuildFile; fileRef = 10F1496F16BAD50900309C93 /* CoreMedia.framework */; };
		10F1497816BAD50900309C93 /* CoreVideo.framework in Frameworks */ = {isa = PBXBuildFile; fileRef = 10F1497016BAD50900309C93 /* CoreVideo.framework */; };
		10F1497916BAD50900309C93 /* MobileCoreServices.framework in Frameworks */ = {isa = PBXBuildFile; fileRef = 10F1497116BAD50900309C93 /* MobileCoreServices.framework */; };
		10F1497A16BAD50900309C93 /* OpenGLES.framework in Frameworks */ = {isa = PBXBuildFile; fileRef = 10F1497216BAD50900309C93 /* OpenGLES.framework */; };
		10F1497B16BAD50900309C93 /* QuartzCore.framework in Frameworks */ = {isa = PBXBuildFile; fileRef = 10F1497316BAD50900309C93 /* QuartzCore.framework */; };
		10F1497C16BAD50900309C93 /* Security.framework in Frameworks */ = {isa = PBXBuildFile; fileRef = 10F1497416BAD50900309C93 /* Security.framework */; };
		10F1498016BAD95C00309C93 /* SIPaymentViewController.m in Sources */ = {isa = PBXBuildFile; fileRef = 10F1497E16BAD95C00309C93 /* SIPaymentViewController.m */; };
		2A204C42306F4F9B9EDC9A32 /* libPods.a in Frameworks */ = {isa = PBXBuildFile; fileRef = 63E089D5A3004C2D93373A4D /* libPods.a */; };
/* End PBXBuildFile section */

/* Begin PBXContainerItemProxy section */
		10273A5816BA9494008E42CA /* PBXContainerItemProxy */ = {
			isa = PBXContainerItemProxy;
			containerPortal = 10273A2216BA9492008E42CA /* Project object */;
			proxyType = 1;
			remoteGlobalIDString = 10273A2916BA9492008E42CA;
			remoteInfo = RestTestApp;
		};
/* End PBXContainerItemProxy section */

/* Begin PBXFileReference section */
		101416F016C1B34A006CC6F0 /* SIProductDescriptionCell.h */ = {isa = PBXFileReference; fileEncoding = 4; lastKnownFileType = sourcecode.c.h; name = SIProductDescriptionCell.h; path = Classes/SIProductDescriptionCell.h; sourceTree = "<group>"; };
		101416F116C1B34A006CC6F0 /* SIProductDescriptionCell.m */ = {isa = PBXFileReference; fileEncoding = 4; lastKnownFileType = sourcecode.c.objc; name = SIProductDescriptionCell.m; path = Classes/SIProductDescriptionCell.m; sourceTree = "<group>"; };
		10273A2A16BA9492008E42CA /* RestTestApp.app */ = {isa = PBXFileReference; explicitFileType = wrapper.application; includeInIndex = 0; path = RestTestApp.app; sourceTree = BUILT_PRODUCTS_DIR; };
		10273A2D16BA9492008E42CA /* UIKit.framework */ = {isa = PBXFileReference; lastKnownFileType = wrapper.framework; name = UIKit.framework; path = System/Library/Frameworks/UIKit.framework; sourceTree = SDKROOT; };
		10273A2F16BA9493008E42CA /* Foundation.framework */ = {isa = PBXFileReference; lastKnownFileType = wrapper.framework; name = Foundation.framework; path = System/Library/Frameworks/Foundation.framework; sourceTree = SDKROOT; };
		10273A3116BA9493008E42CA /* CoreGraphics.framework */ = {isa = PBXFileReference; lastKnownFileType = wrapper.framework; name = CoreGraphics.framework; path = System/Library/Frameworks/CoreGraphics.framework; sourceTree = SDKROOT; };
		10273A3516BA9493008E42CA /* RestTestApp-Info.plist */ = {isa = PBXFileReference; lastKnownFileType = text.plist.xml; path = "RestTestApp-Info.plist"; sourceTree = "<group>"; };
		10273A3716BA9493008E42CA /* en */ = {isa = PBXFileReference; lastKnownFileType = text.plist.strings; name = en; path = en.lproj/InfoPlist.strings; sourceTree = "<group>"; };
		10273A3916BA9493008E42CA /* main.m */ = {isa = PBXFileReference; lastKnownFileType = sourcecode.c.objc; path = main.m; sourceTree = "<group>"; };
		10273A3B16BA9493008E42CA /* RestTestApp-Prefix.pch */ = {isa = PBXFileReference; lastKnownFileType = sourcecode.c.h; path = "RestTestApp-Prefix.pch"; sourceTree = "<group>"; };
		10273A3F16BA9493008E42CA /* Default.png */ = {isa = PBXFileReference; lastKnownFileType = image.png; path = Default.png; sourceTree = "<group>"; };
		10273A4116BA9493008E42CA /* Default@2x.png */ = {isa = PBXFileReference; lastKnownFileType = image.png; path = "Default@2x.png"; sourceTree = "<group>"; };
		10273A4316BA9493008E42CA /* Default-568h@2x.png */ = {isa = PBXFileReference; lastKnownFileType = image.png; path = "Default-568h@2x.png"; sourceTree = "<group>"; };
		10273A4616BA9493008E42CA /* en */ = {isa = PBXFileReference; lastKnownFileType = file.storyboard; name = en; path = en.lproj/MainStoryboard_iPhone.storyboard; sourceTree = "<group>"; };
		10273A4916BA9493008E42CA /* en */ = {isa = PBXFileReference; lastKnownFileType = file.storyboard; name = en; path = en.lproj/MainStoryboard_iPad.storyboard; sourceTree = "<group>"; };
		10273A5316BA9494008E42CA /* RestTestAppTests.octest */ = {isa = PBXFileReference; explicitFileType = wrapper.cfbundle; includeInIndex = 0; path = RestTestAppTests.octest; sourceTree = BUILT_PRODUCTS_DIR; };
		10273A5416BA9494008E42CA /* SenTestingKit.framework */ = {isa = PBXFileReference; lastKnownFileType = wrapper.framework; name = SenTestingKit.framework; path = Library/Frameworks/SenTestingKit.framework; sourceTree = DEVELOPER_DIR; };
		10273A5C16BA9494008E42CA /* RestTestAppTests-Info.plist */ = {isa = PBXFileReference; lastKnownFileType = text.plist.xml; path = "RestTestAppTests-Info.plist"; sourceTree = "<group>"; };
		10273A5E16BA9494008E42CA /* en */ = {isa = PBXFileReference; lastKnownFileType = text.plist.strings; name = en; path = en.lproj/InfoPlist.strings; sourceTree = "<group>"; };
		10273A6016BA9494008E42CA /* RestTestAppTests.h */ = {isa = PBXFileReference; lastKnownFileType = sourcecode.c.h; path = RestTestAppTests.h; sourceTree = "<group>"; };
		10273A6116BA9494008E42CA /* RestTestAppTests.m */ = {isa = PBXFileReference; lastKnownFileType = sourcecode.c.objc; path = RestTestAppTests.m; sourceTree = "<group>"; };
		1063EE5C16E9242900FCF43E /* SIOrder.h */ = {isa = PBXFileReference; fileEncoding = 4; lastKnownFileType = sourcecode.c.h; name = SIOrder.h; path = Classes/SIOrder.h; sourceTree = "<group>"; };
		1063EE5D16E9242900FCF43E /* SIOrder.m */ = {isa = PBXFileReference; fileEncoding = 4; lastKnownFileType = sourcecode.c.objc; name = SIOrder.m; path = Classes/SIOrder.m; sourceTree = "<group>"; };
		1068514216BB073600505F04 /* SIAccountCreationViewController.h */ = {isa = PBXFileReference; fileEncoding = 4; lastKnownFileType = sourcecode.c.h; name = SIAccountCreationViewController.h; path = Classes/SIAccountCreationViewController.h; sourceTree = "<group>"; };
		1068514316BB073600505F04 /* SIAccountCreationViewController.m */ = {isa = PBXFileReference; fileEncoding = 4; lastKnownFileType = sourcecode.c.objc; name = SIAccountCreationViewController.m; path = Classes/SIAccountCreationViewController.m; sourceTree = "<group>"; };
		1068514616BB07CA00505F04 /* apps-streatit-wireframe.pdf */ = {isa = PBXFileReference; lastKnownFileType = image.pdf; name = "apps-streatit-wireframe.pdf"; path = "RestTestApp/Documents/apps-streatit-wireframe.pdf"; sourceTree = "<group>"; };
		1068514716BB085100505F04 /* SICreditCardViewController.h */ = {isa = PBXFileReference; fileEncoding = 4; lastKnownFileType = sourcecode.c.h; name = SICreditCardViewController.h; path = Classes/SICreditCardViewController.h; sourceTree = "<group>"; };
		1068514816BB085100505F04 /* SICreditCardViewController.m */ = {isa = PBXFileReference; fileEncoding = 4; lastKnownFileType = sourcecode.c.objc; name = SICreditCardViewController.m; path = Classes/SICreditCardViewController.m; sourceTree = "<group>"; };
		1068514A16BB08BC00505F04 /* SIHomeViewController.h */ = {isa = PBXFileReference; fileEncoding = 4; lastKnownFileType = sourcecode.c.h; name = SIHomeViewController.h; path = Classes/SIHomeViewController.h; sourceTree = "<group>"; };
		1068514B16BB08BC00505F04 /* SIHomeViewController.m */ = {isa = PBXFileReference; fileEncoding = 4; lastKnownFileType = sourcecode.c.objc; name = SIHomeViewController.m; path = Classes/SIHomeViewController.m; sourceTree = "<group>"; };
		1068514D16BB092200505F04 /* SICategorySelectionViewController.h */ = {isa = PBXFileReference; fileEncoding = 4; lastKnownFileType = sourcecode.c.h; name = SICategorySelectionViewController.h; path = Classes/SICategorySelectionViewController.h; sourceTree = "<group>"; };
		1068514E16BB092200505F04 /* SICategorySelectionViewController.m */ = {isa = PBXFileReference; fileEncoding = 4; lastKnownFileType = sourcecode.c.objc; name = SICategorySelectionViewController.m; path = Classes/SICategorySelectionViewController.m; sourceTree = "<group>"; };
		1068515316BB099F00505F04 /* SIProductDescriptionViewController.h */ = {isa = PBXFileReference; fileEncoding = 4; lastKnownFileType = sourcecode.c.h; name = SIProductDescriptionViewController.h; path = Classes/SIProductDescriptionViewController.h; sourceTree = "<group>"; };
		1068515416BB099F00505F04 /* SIProductDescriptionViewController.m */ = {isa = PBXFileReference; fileEncoding = 4; lastKnownFileType = sourcecode.c.objc; name = SIProductDescriptionViewController.m; path = Classes/SIProductDescriptionViewController.m; sourceTree = "<group>"; };
		1068515616BB09B300505F04 /* SIProductListingViewController.h */ = {isa = PBXFileReference; fileEncoding = 4; lastKnownFileType = sourcecode.c.h; name = SIProductListingViewController.h; path = Classes/SIProductListingViewController.h; sourceTree = "<group>"; };
		1068515716BB09B400505F04 /* SIProductListingViewController.m */ = {isa = PBXFileReference; fileEncoding = 4; lastKnownFileType = sourcecode.c.objc; name = SIProductListingViewController.m; path = Classes/SIProductListingViewController.m; sourceTree = "<group>"; };
		1068515B16BB0A8400505F04 /* SIShoppingCartViewController.h */ = {isa = PBXFileReference; fileEncoding = 4; lastKnownFileType = sourcecode.c.h; name = SIShoppingCartViewController.h; path = Classes/SIShoppingCartViewController.h; sourceTree = "<group>"; };
		1068515C16BB0A8400505F04 /* SIShoppingCartViewController.m */ = {isa = PBXFileReference; fileEncoding = 4; lastKnownFileType = sourcecode.c.objc; name = SIShoppingCartViewController.m; path = Classes/SIShoppingCartViewController.m; sourceTree = "<group>"; };
		1068515E16BB0B5000505F04 /* SILocationMapViewController.h */ = {isa = PBXFileReference; fileEncoding = 4; lastKnownFileType = sourcecode.c.h; name = SILocationMapViewController.h; path = Classes/SILocationMapViewController.h; sourceTree = "<group>"; };
		1068515F16BB0B5000505F04 /* SILocationMapViewController.m */ = {isa = PBXFileReference; fileEncoding = 4; lastKnownFileType = sourcecode.c.objc; name = SILocationMapViewController.m; path = Classes/SILocationMapViewController.m; sourceTree = "<group>"; };
		106B9EBA16BD5F8C001B121B /* MapKit.framework */ = {isa = PBXFileReference; lastKnownFileType = wrapper.framework; name = MapKit.framework; path = System/Library/Frameworks/MapKit.framework; sourceTree = SDKROOT; };
		106B9EBD16BD61B9001B121B /* SICategoryCell.h */ = {isa = PBXFileReference; fileEncoding = 4; lastKnownFileType = sourcecode.c.h; name = SICategoryCell.h; path = Classes/SICategoryCell.h; sourceTree = "<group>"; };
		106B9EBE16BD61B9001B121B /* SICategoryCell.m */ = {isa = PBXFileReference; fileEncoding = 4; lastKnownFileType = sourcecode.c.objc; name = SICategoryCell.m; path = Classes/SICategoryCell.m; sourceTree = "<group>"; };
		106B9ECC16BD8685001B121B /* add-small.png */ = {isa = PBXFileReference; lastKnownFileType = image.png; name = "add-small.png"; path = "RestTestApp/Resources/add-small.png"; sourceTree = "<group>"; };
		106B9ECD16BD8685001B121B /* remove-small.png */ = {isa = PBXFileReference; lastKnownFileType = image.png; name = "remove-small.png"; path = "RestTestApp/Resources/remove-small.png"; sourceTree = "<group>"; };
		107ADC6D16E40FA1009A30ED /* SICategoryCell.xib */ = {isa = PBXFileReference; fileEncoding = 4; lastKnownFileType = file.xib; name = SICategoryCell.xib; path = Classes/SICategoryCell.xib; sourceTree = "<group>"; };
		10806BCD16E38E4D00750558 /* SIProduct.h */ = {isa = PBXFileReference; fileEncoding = 4; lastKnownFileType = sourcecode.c.h; name = SIProduct.h; path = CoreData/SIProduct.h; sourceTree = "<group>"; };
		10806BCE16E38E4D00750558 /* SIProduct.m */ = {isa = PBXFileReference; fileEncoding = 4; lastKnownFileType = sourcecode.c.objc; name = SIProduct.m; path = CoreData/SIProduct.m; sourceTree = "<group>"; };
		10806BD616E38E4D00750558 /* SICategory.h */ = {isa = PBXFileReference; fileEncoding = 4; lastKnownFileType = sourcecode.c.h; name = SICategory.h; path = CoreData/SICategory.h; sourceTree = "<group>"; };
		10806BD716E38E4D00750558 /* SICategory.m */ = {isa = PBXFileReference; fileEncoding = 4; lastKnownFileType = sourcecode.c.objc; name = SICategory.m; path = CoreData/SICategory.m; sourceTree = "<group>"; };
		10806BDF16E39C0800750558 /* SIShop.h */ = {isa = PBXFileReference; fileEncoding = 4; lastKnownFileType = sourcecode.c.h; name = SIShop.h; path = CoreData/SIShop.h; sourceTree = "<group>"; };
		10806BE016E39C0800750558 /* SIShop.m */ = {isa = PBXFileReference; fileEncoding = 4; lastKnownFileType = sourcecode.c.objc; name = SIShop.m; path = CoreData/SIShop.m; sourceTree = "<group>"; };
		10806BE316E3B5FC00750558 /* SIShopAnnotation.h */ = {isa = PBXFileReference; fileEncoding = 4; lastKnownFileType = sourcecode.c.h; name = SIShopAnnotation.h; path = Classes/SIShopAnnotation.h; sourceTree = "<group>"; };
		10806BE416E3B5FC00750558 /* SIShopAnnotation.m */ = {isa = PBXFileReference; fileEncoding = 4; lastKnownFileType = sourcecode.c.objc; name = SIShopAnnotation.m; path = Classes/SIShopAnnotation.m; sourceTree = "<group>"; };
		10806BE616E3BC3400750558 /* CoreLocation.framework */ = {isa = PBXFileReference; lastKnownFileType = wrapper.framework; name = CoreLocation.framework; path = System/Library/Frameworks/CoreLocation.framework; sourceTree = SDKROOT; };
		109D511816EB8A32000CFC4F /* SIProductCartCell.h */ = {isa = PBXFileReference; fileEncoding = 4; lastKnownFileType = sourcecode.c.h; name = SIProductCartCell.h; path = Classes/SIProductCartCell.h; sourceTree = "<group>"; };
		109D511916EB8A32000CFC4F /* SIProductCartCell.m */ = {isa = PBXFileReference; fileEncoding = 4; lastKnownFileType = sourcecode.c.objc; name = SIProductCartCell.m; path = Classes/SIProductCartCell.m; sourceTree = "<group>"; };
		109D511B16EC046E000CFC4F /* SIThemeManager.h */ = {isa = PBXFileReference; fileEncoding = 4; lastKnownFileType = sourcecode.c.h; name = SIThemeManager.h; path = Classes/SIThemeManager.h; sourceTree = "<group>"; };
		109D511C16EC046E000CFC4F /* SIThemeManager.m */ = {isa = PBXFileReference; fileEncoding = 4; lastKnownFileType = sourcecode.c.objc; name = SIThemeManager.m; path = Classes/SIThemeManager.m; sourceTree = "<group>"; };
		10A6520717037A1C003F33B5 /* libz.1.2.5.dylib */ = {isa = PBXFileReference; lastKnownFileType = "compiled.mach-o.dylib"; name = libz.1.2.5.dylib; path = usr/lib/libz.1.2.5.dylib; sourceTree = SDKROOT; };
		10B9535C16BC176C007A23D2 /* SIHTTPClient.h */ = {isa = PBXFileReference; fileEncoding = 4; lastKnownFileType = sourcecode.c.h; name = SIHTTPClient.h; path = Classes/SIHTTPClient.h; sourceTree = "<group>"; };
		10B9535D16BC176C007A23D2 /* SIHTTPClient.m */ = {isa = PBXFileReference; fileEncoding = 4; lastKnownFileType = sourcecode.c.objc; name = SIHTTPClient.m; path = Classes/SIHTTPClient.m; sourceTree = "<group>"; };
		10B9536416BC275A007A23D2 /* SIModel1.xcdatamodel */ = {isa = PBXFileReference; lastKnownFileType = wrapper.xcdatamodel; path = SIModel1.xcdatamodel; sourceTree = "<group>"; };
		10B9536916BC2BEA007A23D2 /* SIDataManager.h */ = {isa = PBXFileReference; fileEncoding = 4; lastKnownFileType = sourcecode.c.h; name = SIDataManager.h; path = Classes/SIDataManager.h; sourceTree = "<group>"; };
		10B9536A16BC2BEA007A23D2 /* SIDataManager.m */ = {isa = PBXFileReference; fileEncoding = 4; lastKnownFileType = sourcecode.c.objc; name = SIDataManager.m; path = Classes/SIDataManager.m; sourceTree = "<group>"; };
		10CBBC4B1702468B000B6BF0 /* SIOrderPrivate.h */ = {isa = PBXFileReference; fileEncoding = 4; lastKnownFileType = sourcecode.c.h; name = SIOrderPrivate.h; path = Classes/SIOrderPrivate.h; sourceTree = "<group>"; };
		10D3592716FF49C300FA0E52 /* libPayPalMPL.a */ = {isa = PBXFileReference; lastKnownFileType = archive.ar; name = libPayPalMPL.a; path = "RestTestApp/PayPalMPL_1-6-0/libPayPalMPL.a"; sourceTree = "<group>"; };
		10D3592816FF49C300FA0E52 /* PayPal.h */ = {isa = PBXFileReference; fileEncoding = 4; lastKnownFileType = sourcecode.c.h; name = PayPal.h; path = "RestTestApp/PayPalMPL_1-6-0/PayPal.h"; sourceTree = "<group>"; };
		10D3592916FF49C300FA0E52 /* PayPalAddress.h */ = {isa = PBXFileReference; fileEncoding = 4; lastKnownFileType = sourcecode.c.h; name = PayPalAddress.h; path = "RestTestApp/PayPalMPL_1-6-0/PayPalAddress.h"; sourceTree = "<group>"; };
		10D3592A16FF49C300FA0E52 /* PayPalAdvancedPayment.h */ = {isa = PBXFileReference; fileEncoding = 4; lastKnownFileType = sourcecode.c.h; name = PayPalAdvancedPayment.h; path = "RestTestApp/PayPalMPL_1-6-0/PayPalAdvancedPayment.h"; sourceTree = "<group>"; };
		10D3592B16FF49C300FA0E52 /* PayPalAmounts.h */ = {isa = PBXFileReference; fileEncoding = 4; lastKnownFileType = sourcecode.c.h; name = PayPalAmounts.h; path = "RestTestApp/PayPalMPL_1-6-0/PayPalAmounts.h"; sourceTree = "<group>"; };
		10D3592C16FF49C300FA0E52 /* PayPalInvoiceData.h */ = {isa = PBXFileReference; fileEncoding = 4; lastKnownFileType = sourcecode.c.h; name = PayPalInvoiceData.h; path = "RestTestApp/PayPalMPL_1-6-0/PayPalInvoiceData.h"; sourceTree = "<group>"; };
		10D3592D16FF49C300FA0E52 /* PayPalInvoiceItem.h */ = {isa = PBXFileReference; fileEncoding = 4; lastKnownFileType = sourcecode.c.h; name = PayPalInvoiceItem.h; path = "RestTestApp/PayPalMPL_1-6-0/PayPalInvoiceItem.h"; sourceTree = "<group>"; };
		10D3592E16FF49C300FA0E52 /* PayPalPayment.h */ = {isa = PBXFileReference; fileEncoding = 4; lastKnownFileType = sourcecode.c.h; name = PayPalPayment.h; path = "RestTestApp/PayPalMPL_1-6-0/PayPalPayment.h"; sourceTree = "<group>"; };
		10D3592F16FF49C300FA0E52 /* PayPalPreapprovalDetails.h */ = {isa = PBXFileReference; fileEncoding = 4; lastKnownFileType = sourcecode.c.h; name = PayPalPreapprovalDetails.h; path = "RestTestApp/PayPalMPL_1-6-0/PayPalPreapprovalDetails.h"; sourceTree = "<group>"; };
		10D3593016FF49C300FA0E52 /* PayPalReceiverAmounts.h */ = {isa = PBXFileReference; fileEncoding = 4; lastKnownFileType = sourcecode.c.h; name = PayPalReceiverAmounts.h; path = "RestTestApp/PayPalMPL_1-6-0/PayPalReceiverAmounts.h"; sourceTree = "<group>"; };
		10D3593116FF49C300FA0E52 /* PayPalReceiverPaymentDetails.h */ = {isa = PBXFileReference; fileEncoding = 4; lastKnownFileType = sourcecode.c.h; name = PayPalReceiverPaymentDetails.h; path = "RestTestApp/PayPalMPL_1-6-0/PayPalReceiverPaymentDetails.h"; sourceTree = "<group>"; };
		10D4C3DA16F13B460099BD7F /* NSString+MD5Addition.h */ = {isa = PBXFileReference; fileEncoding = 4; lastKnownFileType = sourcecode.c.h; path = "NSString+MD5Addition.h"; sourceTree = "<group>"; };
		10D4C3DB16F13B460099BD7F /* NSString+MD5Addition.m */ = {isa = PBXFileReference; fileEncoding = 4; lastKnownFileType = sourcecode.c.objc; path = "NSString+MD5Addition.m"; sourceTree = "<group>"; };
		10D4C3DD16F13B460099BD7F /* UIDevice+IdentifierAddition.h */ = {isa = PBXFileReference; fileEncoding = 4; lastKnownFileType = sourcecode.c.h; path = "UIDevice+IdentifierAddition.h"; sourceTree = "<group>"; };
		10D4C3DE16F13B460099BD7F /* UIDevice+IdentifierAddition.m */ = {isa = PBXFileReference; fileEncoding = 4; lastKnownFileType = sourcecode.c.objc; path = "UIDevice+IdentifierAddition.m"; sourceTree = "<group>"; };
		10E19C6F16F26A1000121655 /* SIUser.h */ = {isa = PBXFileReference; fileEncoding = 4; lastKnownFileType = sourcecode.c.h; name = SIUser.h; path = Classes/SIUser.h; sourceTree = "<group>"; };
		10E19C7016F26A1000121655 /* SIUser.m */ = {isa = PBXFileReference; fileEncoding = 4; lastKnownFileType = sourcecode.c.objc; name = SIUser.m; path = Classes/SIUser.m; sourceTree = "<group>"; };
		10E36E7A16DACDED0075FA48 /* SIDatabaseTestViewController.h */ = {isa = PBXFileReference; fileEncoding = 4; lastKnownFileType = sourcecode.c.h; name = SIDatabaseTestViewController.h; path = Classes/SIDatabaseTestViewController.h; sourceTree = "<group>"; };
		10E36E7B16DACDED0075FA48 /* SIDatabaseTestViewController.m */ = {isa = PBXFileReference; fileEncoding = 4; lastKnownFileType = sourcecode.c.objc; name = SIDatabaseTestViewController.m; path = Classes/SIDatabaseTestViewController.m; sourceTree = "<group>"; };
		10EC5F3516F4F7B300602B79 /* SIRootViewController.h */ = {isa = PBXFileReference; fileEncoding = 4; lastKnownFileType = sourcecode.c.h; name = SIRootViewController.h; path = Classes/SIRootViewController.h; sourceTree = "<group>"; };
		10EC5F3616F4F7B400602B79 /* SIRootViewController.m */ = {isa = PBXFileReference; fileEncoding = 4; lastKnownFileType = sourcecode.c.objc; name = SIRootViewController.m; path = Classes/SIRootViewController.m; sourceTree = "<group>"; };
		10EC5F3816F504AF00602B79 /* SINoAnimationPushSegue.h */ = {isa = PBXFileReference; fileEncoding = 4; lastKnownFileType = sourcecode.c.h; name = SINoAnimationPushSegue.h; path = Classes/SINoAnimationPushSegue.h; sourceTree = "<group>"; };
		10EC5F3916F504AF00602B79 /* SINoAnimationPushSegue.m */ = {isa = PBXFileReference; fileEncoding = 4; lastKnownFileType = sourcecode.c.objc; name = SINoAnimationPushSegue.m; path = Classes/SINoAnimationPushSegue.m; sourceTree = "<group>"; };
		10EC5F3B16F5091900602B79 /* SILog.h */ = {isa = PBXFileReference; fileEncoding = 4; lastKnownFileType = sourcecode.c.h; name = SILog.h; path = Classes/SILog.h; sourceTree = "<group>"; };
		10EC5F4216F53ADA00602B79 /* libxml2.2.dylib */ = {isa = PBXFileReference; lastKnownFileType = "compiled.mach-o.dylib"; name = libxml2.2.dylib; path = usr/lib/libxml2.2.dylib; sourceTree = SDKROOT; };
		10EC5F4416F53AE700602B79 /* MessageUI.framework */ = {isa = PBXFileReference; lastKnownFileType = wrapper.framework; name = MessageUI.framework; path = System/Library/Frameworks/MessageUI.framework; sourceTree = SDKROOT; };
		10F1495E16BA9EFF00309C93 /* SIEntryViewController.h */ = {isa = PBXFileReference; fileEncoding = 4; lastKnownFileType = sourcecode.c.h; name = SIEntryViewController.h; path = Classes/SIEntryViewController.h; sourceTree = "<group>"; };
		10F1495F16BA9EFF00309C93 /* SIEntryViewController.m */ = {isa = PBXFileReference; fileEncoding = 4; lastKnownFileType = sourcecode.c.objc; name = SIEntryViewController.m; path = Classes/SIEntryViewController.m; sourceTree = "<group>"; };
		10F1496016BA9EFF00309C93 /* SIAppDelegate.h */ = {isa = PBXFileReference; fileEncoding = 4; lastKnownFileType = sourcecode.c.h; name = SIAppDelegate.h; path = Classes/SIAppDelegate.h; sourceTree = "<group>"; };
		10F1496116BA9EFF00309C93 /* SIAppDelegate.m */ = {isa = PBXFileReference; fileEncoding = 4; lastKnownFileType = sourcecode.c.objc; name = SIAppDelegate.m; path = Classes/SIAppDelegate.m; sourceTree = "<group>"; };
		10F1496D16BAD50900309C93 /* AudioToolbox.framework */ = {isa = PBXFileReference; lastKnownFileType = wrapper.framework; name = AudioToolbox.framework; path = System/Library/Frameworks/AudioToolbox.framework; sourceTree = SDKROOT; };
		10F1496E16BAD50900309C93 /* AVFoundation.framework */ = {isa = PBXFileReference; lastKnownFileType = wrapper.framework; name = AVFoundation.framework; path = System/Library/Frameworks/AVFoundation.framework; sourceTree = SDKROOT; };
		10F1496F16BAD50900309C93 /* CoreMedia.framework */ = {isa = PBXFileReference; lastKnownFileType = wrapper.framework; name = CoreMedia.framework; path = System/Library/Frameworks/CoreMedia.framework; sourceTree = SDKROOT; };
		10F1497016BAD50900309C93 /* CoreVideo.framework */ = {isa = PBXFileReference; lastKnownFileType = wrapper.framework; name = CoreVideo.framework; path = System/Library/Frameworks/CoreVideo.framework; sourceTree = SDKROOT; };
		10F1497116BAD50900309C93 /* MobileCoreServices.framework */ = {isa = PBXFileReference; lastKnownFileType = wrapper.framework; name = MobileCoreServices.framework; path = System/Library/Frameworks/MobileCoreServices.framework; sourceTree = SDKROOT; };
		10F1497216BAD50900309C93 /* OpenGLES.framework */ = {isa = PBXFileReference; lastKnownFileType = wrapper.framework; name = OpenGLES.framework; path = System/Library/Frameworks/OpenGLES.framework; sourceTree = SDKROOT; };
		10F1497316BAD50900309C93 /* QuartzCore.framework */ = {isa = PBXFileReference; lastKnownFileType = wrapper.framework; name = QuartzCore.framework; path = System/Library/Frameworks/QuartzCore.framework; sourceTree = SDKROOT; };
		10F1497416BAD50900309C93 /* Security.framework */ = {isa = PBXFileReference; lastKnownFileType = wrapper.framework; name = Security.framework; path = System/Library/Frameworks/Security.framework; sourceTree = SDKROOT; };
		10F1497D16BAD95C00309C93 /* SIPaymentViewController.h */ = {isa = PBXFileReference; fileEncoding = 4; lastKnownFileType = sourcecode.c.h; name = SIPaymentViewController.h; path = Classes/SIPaymentViewController.h; sourceTree = "<group>"; };
		10F1497E16BAD95C00309C93 /* SIPaymentViewController.m */ = {isa = PBXFileReference; fileEncoding = 4; lastKnownFileType = sourcecode.c.objc; name = SIPaymentViewController.m; path = Classes/SIPaymentViewController.m; sourceTree = "<group>"; };
		63E089D5A3004C2D93373A4D /* libPods.a */ = {isa = PBXFileReference; explicitFileType = archive.ar; includeInIndex = 0; path = libPods.a; sourceTree = BUILT_PRODUCTS_DIR; };
		DCC5E4D26B4F4E8E9E54AAEA /* Pods.xcconfig */ = {isa = PBXFileReference; includeInIndex = 1; lastKnownFileType = text.xcconfig; name = Pods.xcconfig; path = Pods/Pods.xcconfig; sourceTree = SOURCE_ROOT; };
/* End PBXFileReference section */

/* Begin PBXFrameworksBuildPhase section */
		10273A2716BA9492008E42CA /* Frameworks */ = {
			isa = PBXFrameworksBuildPhase;
			buildActionMask = 2147483647;
			files = (
				10A6520817037A1C003F33B5 /* libz.1.2.5.dylib in Frameworks */,
				10EC5F4516F53AE700602B79 /* MessageUI.framework in Frameworks */,
				10806BE716E3BC3400750558 /* CoreLocation.framework in Frameworks */,
				106B9EBB16BD5F8C001B121B /* MapKit.framework in Frameworks */,
				10F1497516BAD50900309C93 /* AudioToolbox.framework in Frameworks */,
				10F1497616BAD50900309C93 /* AVFoundation.framework in Frameworks */,
				10F1497716BAD50900309C93 /* CoreMedia.framework in Frameworks */,
				10F1497816BAD50900309C93 /* CoreVideo.framework in Frameworks */,
				10F1497916BAD50900309C93 /* MobileCoreServices.framework in Frameworks */,
				10F1497A16BAD50900309C93 /* OpenGLES.framework in Frameworks */,
				10F1497B16BAD50900309C93 /* QuartzCore.framework in Frameworks */,
				10F1497C16BAD50900309C93 /* Security.framework in Frameworks */,
				10273A2E16BA9493008E42CA /* UIKit.framework in Frameworks */,
				10273A3016BA9493008E42CA /* Foundation.framework in Frameworks */,
				10273A3216BA9493008E42CA /* CoreGraphics.framework in Frameworks */,
				10EC5F4316F53ADA00602B79 /* libxml2.2.dylib in Frameworks */,
				2A204C42306F4F9B9EDC9A32 /* libPods.a in Frameworks */,
				10D3593216FF49C300FA0E52 /* libPayPalMPL.a in Frameworks */,
			);
			runOnlyForDeploymentPostprocessing = 0;
		};
		10273A4F16BA9494008E42CA /* Frameworks */ = {
			isa = PBXFrameworksBuildPhase;
			buildActionMask = 2147483647;
			files = (
				10273A5516BA9494008E42CA /* SenTestingKit.framework in Frameworks */,
				10273A5616BA9494008E42CA /* UIKit.framework in Frameworks */,
				10273A5716BA9494008E42CA /* Foundation.framework in Frameworks */,
			);
			runOnlyForDeploymentPostprocessing = 0;
		};
/* End PBXFrameworksBuildPhase section */

/* Begin PBXGroup section */
		1014174916C1C48B006CC6F0 /* CoreData */ = {
			isa = PBXGroup;
			children = (
				10806BD616E38E4D00750558 /* SICategory.h */,
				10806BD716E38E4D00750558 /* SICategory.m */,
				10806BCD16E38E4D00750558 /* SIProduct.h */,
				10806BCE16E38E4D00750558 /* SIProduct.m */,
				10806BDF16E39C0800750558 /* SIShop.h */,
				10806BE016E39C0800750558 /* SIShop.m */,
			);
			name = CoreData;
			sourceTree = "<group>";
		};
		101BCEEC16E7EDEB008A3EE2 /* Model */ = {
			isa = PBXGroup;
			children = (
				10CBBC4B1702468B000B6BF0 /* SIOrderPrivate.h */,
				1063EE5C16E9242900FCF43E /* SIOrder.h */,
				1063EE5D16E9242900FCF43E /* SIOrder.m */,
				10E19C6F16F26A1000121655 /* SIUser.h */,
				10E19C7016F26A1000121655 /* SIUser.m */,
			);
			name = Model;
			sourceTree = "<group>";
		};
		10273A2116BA9492008E42CA = {
			isa = PBXGroup;
			children = (
				10EC5F3C16F5316B00602B79 /* PayPal */,
				106B9ECA16BD8654001B121B /* Resources */,
				1068514516BB07A300505F04 /* Documents */,
				10273A3316BA9493008E42CA /* RestTestApp */,
				10273A5A16BA9494008E42CA /* RestTestAppTests */,
				10273A2C16BA9492008E42CA /* Frameworks */,
				10273A2B16BA9492008E42CA /* Products */,
				DCC5E4D26B4F4E8E9E54AAEA /* Pods.xcconfig */,
			);
			sourceTree = "<group>";
		};
		10273A2B16BA9492008E42CA /* Products */ = {
			isa = PBXGroup;
			children = (
				10273A2A16BA9492008E42CA /* RestTestApp.app */,
				10273A5316BA9494008E42CA /* RestTestAppTests.octest */,
			);
			name = Products;
			sourceTree = "<group>";
		};
		10273A2C16BA9492008E42CA /* Frameworks */ = {
			isa = PBXGroup;
			children = (
				10A6520717037A1C003F33B5 /* libz.1.2.5.dylib */,
				10EC5F4216F53ADA00602B79 /* libxml2.2.dylib */,
				63E089D5A3004C2D93373A4D /* libPods.a */,
				10EC5F4416F53AE700602B79 /* MessageUI.framework */,
				10806BE616E3BC3400750558 /* CoreLocation.framework */,
				106B9EBA16BD5F8C001B121B /* MapKit.framework */,
				10F1496D16BAD50900309C93 /* AudioToolbox.framework */,
				10F1496E16BAD50900309C93 /* AVFoundation.framework */,
				10F1496F16BAD50900309C93 /* CoreMedia.framework */,
				10F1497016BAD50900309C93 /* CoreVideo.framework */,
				10F1497116BAD50900309C93 /* MobileCoreServices.framework */,
				10F1497216BAD50900309C93 /* OpenGLES.framework */,
				10F1497316BAD50900309C93 /* QuartzCore.framework */,
				10F1497416BAD50900309C93 /* Security.framework */,
				10273A2D16BA9492008E42CA /* UIKit.framework */,
				10273A2F16BA9493008E42CA /* Foundation.framework */,
				10273A3116BA9493008E42CA /* CoreGraphics.framework */,
				10273A5416BA9494008E42CA /* SenTestingKit.framework */,
			);
			name = Frameworks;
			sourceTree = "<group>";
		};
		10273A3316BA9493008E42CA /* RestTestApp */ = {
			isa = PBXGroup;
			children = (
				10D4C3D916F13B460099BD7F /* MD5 */,
				10D4C3DC16F13B460099BD7F /* UUID */,
				1068515916BB09FE00505F04 /* Classes */,
				1068515A16BB0A1000505F04 /* Interface */,
				10273A3416BA9493008E42CA /* Supporting Files */,
			);
			path = RestTestApp;
			sourceTree = "<group>";
		};
		10273A3416BA9493008E42CA /* Supporting Files */ = {
			isa = PBXGroup;
			children = (
				10273A3516BA9493008E42CA /* RestTestApp-Info.plist */,
				10273A3616BA9493008E42CA /* InfoPlist.strings */,
				10273A3916BA9493008E42CA /* main.m */,
				10273A3B16BA9493008E42CA /* RestTestApp-Prefix.pch */,
				10273A3F16BA9493008E42CA /* Default.png */,
				10273A4116BA9493008E42CA /* Default@2x.png */,
				10273A4316BA9493008E42CA /* Default-568h@2x.png */,
			);
			name = "Supporting Files";
			sourceTree = "<group>";
		};
		10273A5A16BA9494008E42CA /* RestTestAppTests */ = {
			isa = PBXGroup;
			children = (
				10273A6016BA9494008E42CA /* RestTestAppTests.h */,
				10273A6116BA9494008E42CA /* RestTestAppTests.m */,
				10273A5B16BA9494008E42CA /* Supporting Files */,
			);
			path = RestTestAppTests;
			sourceTree = "<group>";
		};
		10273A5B16BA9494008E42CA /* Supporting Files */ = {
			isa = PBXGroup;
			children = (
				10273A5C16BA9494008E42CA /* RestTestAppTests-Info.plist */,
				10273A5D16BA9494008E42CA /* InfoPlist.strings */,
			);
			name = "Supporting Files";
			sourceTree = "<group>";
		};
		1068514516BB07A300505F04 /* Documents */ = {
			isa = PBXGroup;
			children = (
				1068514616BB07CA00505F04 /* apps-streatit-wireframe.pdf */,
			);
			name = Documents;
			sourceTree = "<group>";
		};
		1068515916BB09FE00505F04 /* Classes */ = {
			isa = PBXGroup;
			children = (
				10806BE216E3B5CF00750558 /* Others */,
				106B9EBC16BD6171001B121B /* Views */,
				10B9536216BC2720007A23D2 /* Model */,
				10B9535A16BC16F5007A23D2 /* Delegate And Managers */,
				10B9535B16BC1711007A23D2 /* View Controllers */,
			);
			name = Classes;
			sourceTree = "<group>";
		};
		1068515A16BB0A1000505F04 /* Interface */ = {
			isa = PBXGroup;
			children = (
				10273A4516BA9493008E42CA /* MainStoryboard_iPhone.storyboard */,
				10273A4816BA9493008E42CA /* MainStoryboard_iPad.storyboard */,
			);
			name = Interface;
			sourceTree = "<group>";
		};
		106B9EBC16BD6171001B121B /* Views */ = {
			isa = PBXGroup;
			children = (
				106B9EBD16BD61B9001B121B /* SICategoryCell.h */,
				106B9EBE16BD61B9001B121B /* SICategoryCell.m */,
				107ADC6D16E40FA1009A30ED /* SICategoryCell.xib */,
				101416F016C1B34A006CC6F0 /* SIProductDescriptionCell.h */,
				101416F116C1B34A006CC6F0 /* SIProductDescriptionCell.m */,
				109D511816EB8A32000CFC4F /* SIProductCartCell.h */,
				109D511916EB8A32000CFC4F /* SIProductCartCell.m */,
			);
			name = Views;
			sourceTree = "<group>";
		};
		106B9ECA16BD8654001B121B /* Resources */ = {
			isa = PBXGroup;
			children = (
				106B9ECB16BD865D001B121B /* Buttons */,
			);
			name = Resources;
			sourceTree = "<group>";
		};
		106B9ECB16BD865D001B121B /* Buttons */ = {
			isa = PBXGroup;
			children = (
				106B9ECC16BD8685001B121B /* add-small.png */,
				106B9ECD16BD8685001B121B /* remove-small.png */,
			);
			name = Buttons;
			sourceTree = "<group>";
		};
		10806BE216E3B5CF00750558 /* Others */ = {
			isa = PBXGroup;
			children = (
				10EC5F3B16F5091900602B79 /* SILog.h */,
				10806BE316E3B5FC00750558 /* SIShopAnnotation.h */,
				10806BE416E3B5FC00750558 /* SIShopAnnotation.m */,
				10EC5F3816F504AF00602B79 /* SINoAnimationPushSegue.h */,
				10EC5F3916F504AF00602B79 /* SINoAnimationPushSegue.m */,
			);
			name = Others;
			sourceTree = "<group>";
		};
		10B9535A16BC16F5007A23D2 /* Delegate And Managers */ = {
			isa = PBXGroup;
			children = (
				10F1496016BA9EFF00309C93 /* SIAppDelegate.h */,
				10F1496116BA9EFF00309C93 /* SIAppDelegate.m */,
				10B9535C16BC176C007A23D2 /* SIHTTPClient.h */,
				10B9535D16BC176C007A23D2 /* SIHTTPClient.m */,
				10B9536916BC2BEA007A23D2 /* SIDataManager.h */,
				10B9536A16BC2BEA007A23D2 /* SIDataManager.m */,
				109D511B16EC046E000CFC4F /* SIThemeManager.h */,
				109D511C16EC046E000CFC4F /* SIThemeManager.m */,
			);
			name = "Delegate And Managers";
			sourceTree = "<group>";
		};
		10B9535B16BC1711007A23D2 /* View Controllers */ = {
			isa = PBXGroup;
			children = (
				10EC5F3516F4F7B300602B79 /* SIRootViewController.h */,
				10EC5F3616F4F7B400602B79 /* SIRootViewController.m */,
				10F1495E16BA9EFF00309C93 /* SIEntryViewController.h */,
				10F1495F16BA9EFF00309C93 /* SIEntryViewController.m */,
				1068514216BB073600505F04 /* SIAccountCreationViewController.h */,
				1068514316BB073600505F04 /* SIAccountCreationViewController.m */,
				1068514A16BB08BC00505F04 /* SIHomeViewController.h */,
				1068514B16BB08BC00505F04 /* SIHomeViewController.m */,
				1068514716BB085100505F04 /* SICreditCardViewController.h */,
				1068514816BB085100505F04 /* SICreditCardViewController.m */,
				1068515E16BB0B5000505F04 /* SILocationMapViewController.h */,
				1068515F16BB0B5000505F04 /* SILocationMapViewController.m */,
				1068514D16BB092200505F04 /* SICategorySelectionViewController.h */,
				1068514E16BB092200505F04 /* SICategorySelectionViewController.m */,
				1068515616BB09B300505F04 /* SIProductListingViewController.h */,
				1068515716BB09B400505F04 /* SIProductListingViewController.m */,
				1068515316BB099F00505F04 /* SIProductDescriptionViewController.h */,
				1068515416BB099F00505F04 /* SIProductDescriptionViewController.m */,
				1068515B16BB0A8400505F04 /* SIShoppingCartViewController.h */,
				1068515C16BB0A8400505F04 /* SIShoppingCartViewController.m */,
				10F1497D16BAD95C00309C93 /* SIPaymentViewController.h */,
				10F1497E16BAD95C00309C93 /* SIPaymentViewController.m */,
				10E36E7A16DACDED0075FA48 /* SIDatabaseTestViewController.h */,
				10E36E7B16DACDED0075FA48 /* SIDatabaseTestViewController.m */,
			);
			name = "View Controllers";
			sourceTree = "<group>";
		};
		10B9536216BC2720007A23D2 /* Model */ = {
			isa = PBXGroup;
			children = (
				10B9536316BC275A007A23D2 /* SIModel1.xcdatamodeld */,
				1014174916C1C48B006CC6F0 /* CoreData */,
				101BCEEC16E7EDEB008A3EE2 /* Model */,
			);
			name = Model;
			sourceTree = "<group>";
		};
		10D4C3D916F13B460099BD7F /* MD5 */ = {
			isa = PBXGroup;
			children = (
				10D4C3DA16F13B460099BD7F /* NSString+MD5Addition.h */,
				10D4C3DB16F13B460099BD7F /* NSString+MD5Addition.m */,
			);
			path = MD5;
			sourceTree = "<group>";
		};
		10D4C3DC16F13B460099BD7F /* UUID */ = {
			isa = PBXGroup;
			children = (
				10D4C3DD16F13B460099BD7F /* UIDevice+IdentifierAddition.h */,
				10D4C3DE16F13B460099BD7F /* UIDevice+IdentifierAddition.m */,
			);
			path = UUID;
			sourceTree = "<group>";
		};
		10EC5F3C16F5316B00602B79 /* PayPal */ = {
			isa = PBXGroup;
			children = (
				10D3592716FF49C300FA0E52 /* libPayPalMPL.a */,
				10D3592816FF49C300FA0E52 /* PayPal.h */,
				10D3592916FF49C300FA0E52 /* PayPalAddress.h */,
				10D3592A16FF49C300FA0E52 /* PayPalAdvancedPayment.h */,
				10D3592B16FF49C300FA0E52 /* PayPalAmounts.h */,
				10D3592C16FF49C300FA0E52 /* PayPalInvoiceData.h */,
				10D3592D16FF49C300FA0E52 /* PayPalInvoiceItem.h */,
				10D3592E16FF49C300FA0E52 /* PayPalPayment.h */,
				10D3592F16FF49C300FA0E52 /* PayPalPreapprovalDetails.h */,
				10D3593016FF49C300FA0E52 /* PayPalReceiverAmounts.h */,
				10D3593116FF49C300FA0E52 /* PayPalReceiverPaymentDetails.h */,
			);
			name = PayPal;
			sourceTree = "<group>";
		};
/* End PBXGroup section */

/* Begin PBXNativeTarget section */
		10273A2916BA9492008E42CA /* RestTestApp */ = {
			isa = PBXNativeTarget;
			buildConfigurationList = 10273A6516BA9494008E42CA /* Build configuration list for PBXNativeTarget "RestTestApp" */;
			buildPhases = (
				10273A2616BA9492008E42CA /* Sources */,
				10273A2716BA9492008E42CA /* Frameworks */,
				10273A2816BA9492008E42CA /* Resources */,
				F8F4BA08873746878CD0A89B /* Copy Pods Resources */,
			);
			buildRules = (
			);
			dependencies = (
			);
			name = RestTestApp;
			productName = RestTestApp;
			productReference = 10273A2A16BA9492008E42CA /* RestTestApp.app */;
			productType = "com.apple.product-type.application";
		};
		10273A5216BA9494008E42CA /* RestTestAppTests */ = {
			isa = PBXNativeTarget;
			buildConfigurationList = 10273A6816BA9494008E42CA /* Build configuration list for PBXNativeTarget "RestTestAppTests" */;
			buildPhases = (
				10273A4E16BA9494008E42CA /* Sources */,
				10273A4F16BA9494008E42CA /* Frameworks */,
				10273A5016BA9494008E42CA /* Resources */,
				10273A5116BA9494008E42CA /* ShellScript */,
			);
			buildRules = (
			);
			dependencies = (
				10273A5916BA9494008E42CA /* PBXTargetDependency */,
			);
			name = RestTestAppTests;
			productName = RestTestAppTests;
			productReference = 10273A5316BA9494008E42CA /* RestTestAppTests.octest */;
			productType = "com.apple.product-type.bundle";
		};
/* End PBXNativeTarget section */

/* Begin PBXProject section */
		10273A2216BA9492008E42CA /* Project object */ = {
			isa = PBXProject;
			attributes = {
				LastUpgradeCheck = 0460;
				ORGANIZATIONNAME = "Jonathan Thorpe";
			};
			buildConfigurationList = 10273A2516BA9492008E42CA /* Build configuration list for PBXProject "RestTestApp" */;
			compatibilityVersion = "Xcode 3.2";
			developmentRegion = English;
			hasScannedForEncodings = 0;
			knownRegions = (
				en,
			);
			mainGroup = 10273A2116BA9492008E42CA;
			productRefGroup = 10273A2B16BA9492008E42CA /* Products */;
			projectDirPath = "";
			projectRoot = "";
			targets = (
				10273A2916BA9492008E42CA /* RestTestApp */,
				10273A5216BA9494008E42CA /* RestTestAppTests */,
			);
		};
/* End PBXProject section */

/* Begin PBXResourcesBuildPhase section */
		10273A2816BA9492008E42CA /* Resources */ = {
			isa = PBXResourcesBuildPhase;
			buildActionMask = 2147483647;
			files = (
				10273A3816BA9493008E42CA /* InfoPlist.strings in Resources */,
				10273A4016BA9493008E42CA /* Default.png in Resources */,
				10273A4216BA9493008E42CA /* Default@2x.png in Resources */,
				10273A4416BA9493008E42CA /* Default-568h@2x.png in Resources */,
				10273A4716BA9493008E42CA /* MainStoryboard_iPhone.storyboard in Resources */,
				10273A4A16BA9493008E42CA /* MainStoryboard_iPad.storyboard in Resources */,
				106B9ECE16BD8685001B121B /* add-small.png in Resources */,
				106B9ECF16BD8685001B121B /* remove-small.png in Resources */,
				107ADC6E16E40FA1009A30ED /* SICategoryCell.xib in Resources */,
			);
			runOnlyForDeploymentPostprocessing = 0;
		};
		10273A5016BA9494008E42CA /* Resources */ = {
			isa = PBXResourcesBuildPhase;
			buildActionMask = 2147483647;
			files = (
				10273A5F16BA9494008E42CA /* InfoPlist.strings in Resources */,
			);
			runOnlyForDeploymentPostprocessing = 0;
		};
/* End PBXResourcesBuildPhase section */

/* Begin PBXShellScriptBuildPhase section */
		10273A5116BA9494008E42CA /* ShellScript */ = {
			isa = PBXShellScriptBuildPhase;
			buildActionMask = 2147483647;
			files = (
			);
			inputPaths = (
			);
			outputPaths = (
			);
			runOnlyForDeploymentPostprocessing = 0;
			shellPath = /bin/sh;
			shellScript = "# Run the unit tests in this test bundle.\n\"${SYSTEM_DEVELOPER_DIR}/Tools/RunUnitTests\"\n";
		};
		F8F4BA08873746878CD0A89B /* Copy Pods Resources */ = {
			isa = PBXShellScriptBuildPhase;
			buildActionMask = 2147483647;
			files = (
			);
			inputPaths = (
			);
			name = "Copy Pods Resources";
			outputPaths = (
			);
			runOnlyForDeploymentPostprocessing = 0;
			shellPath = /bin/sh;
			shellScript = "\"${SRCROOT}/Pods/Pods-resources.sh\"\n";
		};
/* End PBXShellScriptBuildPhase section */

/* Begin PBXSourcesBuildPhase section */
		10273A2616BA9492008E42CA /* Sources */ = {
			isa = PBXSourcesBuildPhase;
			buildActionMask = 2147483647;
			files = (
				10273A3A16BA9493008E42CA /* main.m in Sources */,
				10F1496216BA9EFF00309C93 /* SIEntryViewController.m in Sources */,
				10F1496316BA9EFF00309C93 /* SIAppDelegate.m in Sources */,
				10F1498016BAD95C00309C93 /* SIPaymentViewController.m in Sources */,
				1068514416BB073600505F04 /* SIAccountCreationViewController.m in Sources */,
				1068514916BB085100505F04 /* SICreditCardViewController.m in Sources */,
				1068514C16BB08BC00505F04 /* SIHomeViewController.m in Sources */,
				1068514F16BB092200505F04 /* SICategorySelectionViewController.m in Sources */,
				1068515516BB099F00505F04 /* SIProductDescriptionViewController.m in Sources */,
				1068515816BB09B400505F04 /* SIProductListingViewController.m in Sources */,
				1068515D16BB0A8400505F04 /* SIShoppingCartViewController.m in Sources */,
				1068516016BB0B5000505F04 /* SILocationMapViewController.m in Sources */,
				10B9535E16BC176C007A23D2 /* SIHTTPClient.m in Sources */,
				10B9536516BC275A007A23D2 /* SIModel1.xcdatamodeld in Sources */,
				10B9536B16BC2BEA007A23D2 /* SIDataManager.m in Sources */,
				106B9EBF16BD61B9001B121B /* SICategoryCell.m in Sources */,
				101416F216C1B34A006CC6F0 /* SIProductDescriptionCell.m in Sources */,
				10E36E7C16DACDED0075FA48 /* SIDatabaseTestViewController.m in Sources */,
				10806BCF16E38E4D00750558 /* SIProduct.m in Sources */,
				10806BD816E38E4D00750558 /* SICategory.m in Sources */,
				10806BE116E39C0900750558 /* SIShop.m in Sources */,
				10806BE516E3B5FC00750558 /* SIShopAnnotation.m in Sources */,
				1063EE5E16E9242900FCF43E /* SIOrder.m in Sources */,
				109D511A16EB8A32000CFC4F /* SIProductCartCell.m in Sources */,
				109D511D16EC046E000CFC4F /* SIThemeManager.m in Sources */,
				10D4C3DF16F13B460099BD7F /* NSString+MD5Addition.m in Sources */,
				10D4C3E016F13B460099BD7F /* UIDevice+IdentifierAddition.m in Sources */,
				10E19C7116F26A1000121655 /* SIUser.m in Sources */,
				10EC5F3716F4F7B400602B79 /* SIRootViewController.m in Sources */,
				10EC5F3A16F504AF00602B79 /* SINoAnimationPushSegue.m in Sources */,
			);
			runOnlyForDeploymentPostprocessing = 0;
		};
		10273A4E16BA9494008E42CA /* Sources */ = {
			isa = PBXSourcesBuildPhase;
			buildActionMask = 2147483647;
			files = (
				10273A6216BA9494008E42CA /* RestTestAppTests.m in Sources */,
			);
			runOnlyForDeploymentPostprocessing = 0;
		};
/* End PBXSourcesBuildPhase section */

/* Begin PBXTargetDependency section */
		10273A5916BA9494008E42CA /* PBXTargetDependency */ = {
			isa = PBXTargetDependency;
			target = 10273A2916BA9492008E42CA /* RestTestApp */;
			targetProxy = 10273A5816BA9494008E42CA /* PBXContainerItemProxy */;
		};
/* End PBXTargetDependency section */

/* Begin PBXVariantGroup section */
		10273A3616BA9493008E42CA /* InfoPlist.strings */ = {
			isa = PBXVariantGroup;
			children = (
				10273A3716BA9493008E42CA /* en */,
			);
			name = InfoPlist.strings;
			sourceTree = "<group>";
		};
		10273A4516BA9493008E42CA /* MainStoryboard_iPhone.storyboard */ = {
			isa = PBXVariantGroup;
			children = (
				10273A4616BA9493008E42CA /* en */,
			);
			name = MainStoryboard_iPhone.storyboard;
			sourceTree = "<group>";
		};
		10273A4816BA9493008E42CA /* MainStoryboard_iPad.storyboard */ = {
			isa = PBXVariantGroup;
			children = (
				10273A4916BA9493008E42CA /* en */,
			);
			name = MainStoryboard_iPad.storyboard;
			sourceTree = "<group>";
		};
		10273A5D16BA9494008E42CA /* InfoPlist.strings */ = {
			isa = PBXVariantGroup;
			children = (
				10273A5E16BA9494008E42CA /* en */,
			);
			name = InfoPlist.strings;
			sourceTree = "<group>";
		};
/* End PBXVariantGroup section */

/* Begin XCBuildConfiguration section */
		10273A6316BA9494008E42CA /* Debug */ = {
			isa = XCBuildConfiguration;
			buildSettings = {
				ALWAYS_SEARCH_USER_PATHS = NO;
				CLANG_CXX_LANGUAGE_STANDARD = "gnu++0x";
				CLANG_CXX_LIBRARY = "libc++";
				CLANG_ENABLE_OBJC_ARC = YES;
				CLANG_WARN_CONSTANT_CONVERSION = YES;
				CLANG_WARN_EMPTY_BODY = YES;
				CLANG_WARN_ENUM_CONVERSION = YES;
				CLANG_WARN_INT_CONVERSION = YES;
				CLANG_WARN__DUPLICATE_METHOD_MATCH = YES;
				"CODE_SIGN_IDENTITY[sdk=iphoneos*]" = "iPhone Developer";
				COPY_PHASE_STRIP = NO;
				GCC_C_LANGUAGE_STANDARD = gnu99;
				GCC_DYNAMIC_NO_PIC = NO;
				GCC_OPTIMIZATION_LEVEL = 0;
				GCC_PREPROCESSOR_DEFINITIONS = (
					"DEBUG=1",
					"$(inherited)",
				);
				GCC_SYMBOLS_PRIVATE_EXTERN = NO;
				GCC_WARN_ABOUT_RETURN_TYPE = YES;
				GCC_WARN_UNINITIALIZED_AUTOS = YES;
				GCC_WARN_UNUSED_VARIABLE = YES;
				IPHONEOS_DEPLOYMENT_TARGET = 5.0;
				ONLY_ACTIVE_ARCH = YES;
				SDKROOT = iphoneos;
				TARGETED_DEVICE_FAMILY = 1;
			};
			name = Debug;
		};
		10273A6416BA9494008E42CA /* Release */ = {
			isa = XCBuildConfiguration;
			buildSettings = {
				ALWAYS_SEARCH_USER_PATHS = NO;
				CLANG_CXX_LANGUAGE_STANDARD = "gnu++0x";
				CLANG_CXX_LIBRARY = "libc++";
				CLANG_ENABLE_OBJC_ARC = YES;
				CLANG_WARN_CONSTANT_CONVERSION = YES;
				CLANG_WARN_EMPTY_BODY = YES;
				CLANG_WARN_ENUM_CONVERSION = YES;
				CLANG_WARN_INT_CONVERSION = YES;
				CLANG_WARN__DUPLICATE_METHOD_MATCH = YES;
				"CODE_SIGN_IDENTITY[sdk=iphoneos*]" = "iPhone Developer";
				COPY_PHASE_STRIP = YES;
				GCC_C_LANGUAGE_STANDARD = gnu99;
				GCC_WARN_ABOUT_RETURN_TYPE = YES;
				GCC_WARN_UNINITIALIZED_AUTOS = YES;
				GCC_WARN_UNUSED_VARIABLE = YES;
				IPHONEOS_DEPLOYMENT_TARGET = 5.0;
				OTHER_CFLAGS = "-DNS_BLOCK_ASSERTIONS=1";
				SDKROOT = iphoneos;
				TARGETED_DEVICE_FAMILY = 1;
				VALIDATE_PRODUCT = YES;
			};
			name = Release;
		};
		10273A6616BA9494008E42CA /* Debug */ = {
			isa = XCBuildConfiguration;
			baseConfigurationReference = DCC5E4D26B4F4E8E9E54AAEA /* Pods.xcconfig */;
			buildSettings = {
				GCC_PRECOMPILE_PREFIX_HEADER = YES;
				GCC_PREFIX_HEADER = "RestTestApp/RestTestApp-Prefix.pch";
				INFOPLIST_FILE = "RestTestApp/RestTestApp-Info.plist";
				IPHONEOS_DEPLOYMENT_TARGET = 5.0;
				LIBRARY_SEARCH_PATHS = (
					"$(inherited)",
					"\"$(SRCROOT)/RestTestApp/CardIOSDK/CardIO\"",
					"\"$(SRCROOT)/RestTestApp/PayPalSDK-1.0.2/PayPalMobile\"",
					"\"$(SRCROOT)/RestTestApp/PayPalMPL_1-6-0\"",
				);
				OTHER_LDFLAGS = (
					$inherited,
					"-lstdc++",
				);
				PRODUCT_NAME = "$(TARGET_NAME)";
				WRAPPER_EXTENSION = app;
			};
			name = Debug;
		};
		10273A6716BA9494008E42CA /* Release */ = {
			isa = XCBuildConfiguration;
			baseConfigurationReference = DCC5E4D26B4F4E8E9E54AAEA /* Pods.xcconfig */;
			buildSettings = {
				GCC_PRECOMPILE_PREFIX_HEADER = YES;
				GCC_PREFIX_HEADER = "RestTestApp/RestTestApp-Prefix.pch";
				GCC_PREPROCESSOR_DEFINITIONS = "";
				INFOPLIST_FILE = "RestTestApp/RestTestApp-Info.plist";
				IPHONEOS_DEPLOYMENT_TARGET = 5.0;
				LIBRARY_SEARCH_PATHS = (
					"$(inherited)",
					"\"$(SRCROOT)/RestTestApp/CardIOSDK/CardIO\"",
					"\"$(SRCROOT)/RestTestApp/PayPalSDK-1.0.2/PayPalMobile\"",
					"\"$(SRCROOT)/RestTestApp/PayPalMPL_1-6-0\"",
				);
				OTHER_LDFLAGS = (
					$inherited,
					"-lstdc++",
				);
				PRODUCT_NAME = "$(TARGET_NAME)";
				WRAPPER_EXTENSION = app;
			};
			name = Release;
		};
		10273A6916BA9494008E42CA /* Debug */ = {
			isa = XCBuildConfiguration;
			buildSettings = {
				BUNDLE_LOADER = "$(BUILT_PRODUCTS_DIR)/RestTestApp.app/RestTestApp";
				FRAMEWORK_SEARCH_PATHS = (
					"\"$(SDKROOT)/Developer/Library/Frameworks\"",
					"\"$(DEVELOPER_LIBRARY_DIR)/Frameworks\"",
				);
				GCC_PRECOMPILE_PREFIX_HEADER = YES;
				GCC_PREFIX_HEADER = "RestTestApp/RestTestApp-Prefix.pch";
				INFOPLIST_FILE = "RestTestAppTests/RestTestAppTests-Info.plist";
				PRODUCT_NAME = "$(TARGET_NAME)";
				TEST_HOST = "$(BUNDLE_LOADER)";
				WRAPPER_EXTENSION = octest;
			};
			name = Debug;
		};
		10273A6A16BA9494008E42CA /* Release */ = {
			isa = XCBuildConfiguration;
			buildSettings = {
				BUNDLE_LOADER = "$(BUILT_PRODUCTS_DIR)/RestTestApp.app/RestTestApp";
				FRAMEWORK_SEARCH_PATHS = (
					"\"$(SDKROOT)/Developer/Library/Frameworks\"",
					"\"$(DEVELOPER_LIBRARY_DIR)/Frameworks\"",
				);
				GCC_PRECOMPILE_PREFIX_HEADER = YES;
				GCC_PREFIX_HEADER = "RestTestApp/RestTestApp-Prefix.pch";
				INFOPLIST_FILE = "RestTestAppTests/RestTestAppTests-Info.plist";
				PRODUCT_NAME = "$(TARGET_NAME)";
				TEST_HOST = "$(BUNDLE_LOADER)";
				WRAPPER_EXTENSION = octest;
			};
			name = Release;
		};
/* End XCBuildConfiguration section */

/* Begin XCConfigurationList section */
		10273A2516BA9492008E42CA /* Build configuration list for PBXProject "RestTestApp" */ = {
			isa = XCConfigurationList;
			buildConfigurations = (
				10273A6316BA9494008E42CA /* Debug */,
				10273A6416BA9494008E42CA /* Release */,
			);
			defaultConfigurationIsVisible = 0;
			defaultConfigurationName = Release;
		};
		10273A6516BA9494008E42CA /* Build configuration list for PBXNativeTarget "RestTestApp" */ = {
			isa = XCConfigurationList;
			buildConfigurations = (
				10273A6616BA9494008E42CA /* Debug */,
				10273A6716BA9494008E42CA /* Release */,
			);
			defaultConfigurationIsVisible = 0;
			defaultConfigurationName = Release;
		};
		10273A6816BA9494008E42CA /* Build configuration list for PBXNativeTarget "RestTestAppTests" */ = {
			isa = XCConfigurationList;
			buildConfigurations = (
				10273A6916BA9494008E42CA /* Debug */,
				10273A6A16BA9494008E42CA /* Release */,
			);
			defaultConfigurationIsVisible = 0;
			defaultConfigurationName = Release;
		};
/* End XCConfigurationList section */

/* Begin XCVersionGroup section */
		10B9536316BC275A007A23D2 /* SIModel1.xcdatamodeld */ = {
			isa = XCVersionGroup;
			children = (
				10B9536416BC275A007A23D2 /* SIModel1.xcdatamodel */,
			);
			currentVersion = 10B9536416BC275A007A23D2 /* SIModel1.xcdatamodel */;
			name = SIModel1.xcdatamodeld;
			path = CoreData/SIModel1.xcdatamodeld;
			sourceTree = "<group>";
			versionGroupType = wrapper.xcdatamodel;
		};
/* End XCVersionGroup section */
	};
	rootObject = 10273A2216BA9492008E42CA /* Project object */;
}
